# THIS IS AN AUTOGENERATED FILE. DO NOT EDIT THIS FILE DIRECTLY.
# yarn lockfile v1


react-native-async-alert@^0.0.2:
  version "0.0.2"
  resolved "https://registry.yarnpkg.com/react-native-async-alert/-/react-native-async-alert-0.0.2.tgz#f365bbecf3c443b1503c9daa9affa0cbe66c7763"
  integrity sha512-TVr0+ZF/91ByJTZfe9V3QomoofgUObbZbIPQgUh/Mawv+v63bmJjodFdhMuW7qPEyEcw1UEnW2zbV7Mtif8d+g==
